
Microsoft Visual Studio Solution File, Format Version 12.00
# Visual Studio 15
VisualStudioVersion = 15.0.27703.2026
MinimumVisualStudioVersion = 10.0.40219.1
Project("{FAE04EC0-301F-11D3-BF4B-00C04F79EFBC}") = "Cds.Folders", "Cds.Folders\Cds.Folders.csproj", "{98FE1CD0-0E79-43C5-BC51-923BA152D1D1}"
EndProject
Project("{FAE04EC0-301F-11D3-BF4B-00C04F79EFBC}") = "Cds.Folders.Tests", "Cds.Folders.Tests\Cds.Folders.Tests.csproj", "{47B87BA5-53D0-442F-80E0-AFA0A59F0382}"
EndProject
Global
	GlobalSection(SolutionConfigurationPlatforms) = preSolution
		Debug|Any CPU = Debug|Any CPU
		Release|Any CPU = Release|Any CPU
	EndGlobalSection
	GlobalSection(ProjectConfigurationPlatforms) = postSolution
		{98FE1CD0-0E79-43C5-BC51-923BA152D1D1}.Debug|Any CPU.ActiveCfg = Debug|Any CPU
		{98FE1CD0-0E79-43C5-BC51-923BA152D1D1}.Debug|Any CPU.Build.0 = Debug|Any CPU
		{98FE1CD0-0E79-43C5-BC51-923BA152D1D1}.Release|Any CPU.ActiveCfg = Release|Any CPU
		{98FE1CD0-0E79-43C5-BC51-923BA152D1D1}.Release|Any CPU.Build.0 = Release|Any CPU
		{47B87BA5-53D0-442F-80E0-AFA0A59F0382}.Debug|Any CPU.ActiveCfg = Debug|Any CPU
		{47B87BA5-53D0-442F-80E0-AFA0A59F0382}.Debug|Any CPU.Build.0 = Debug|Any CPU
		{47B87BA5-53D0-442F-80E0-AFA0A59F0382}.Release|Any CPU.ActiveCfg = Release|Any CPU
		{47B87BA5-53D0-442F-80E0-AFA0A59F0382}.Release|Any CPU.Build.0 = Release|Any CPU
	EndGlobalSection
	GlobalSection(SolutionProperties) = preSolution
		HideSolutionNode = FALSE
	EndGlobalSection
	GlobalSection(ExtensibilityGlobals) = postSolution
		SolutionGuid = {3796D7A7-388C-46FA-A9B7-7C20FFAAC241}
	EndGlobalSection
EndGlobal
